
Microsoft Visual Studio Solution File, Format Version 12.00
# Visual Studio Version 17
VisualStudioVersion = 17.4.33103.184
MinimumVisualStudioVersion = 10.0.40219.1
Project("{FAE04EC0-301F-11D3-BF4B-00C04F79EFBC}") = "TasaDeCambio", "TasaDeCambio\TasaDeCambio.csproj", "{3748032C-19D1-4AA5-8710-564CD6EFF6D3}"
EndProject
Project("{FAE04EC0-301F-11D3-BF4B-00C04F79EFBC}") = "Servicios", "Servicios\Servicios.csproj", "{39D01BE3-4E44-4038-9061-C89CA0D1721A}"
EndProject
Project("{FAE04EC0-301F-11D3-BF4B-00C04F79EFBC}") = "Modelo", "Modelo\Modelo.csproj", "{3AB51F20-8F87-4F92-A57C-A202360205E1}"
EndProject
Global
	GlobalSection(SolutionConfigurationPlatforms) = preSolution
		Debug|Any CPU = Debug|Any CPU
		Release|Any CPU = Release|Any CPU
	EndGlobalSection
	GlobalSection(ProjectConfigurationPlatforms) = postSolution
		{3748032C-19D1-4AA5-8710-564CD6EFF6D3}.Debug|Any CPU.ActiveCfg = Debug|Any CPU
		{3748032C-19D1-4AA5-8710-564CD6EFF6D3}.Debug|Any CPU.Build.0 = Debug|Any CPU
		{3748032C-19D1-4AA5-8710-564CD6EFF6D3}.Release|Any CPU.ActiveCfg = Release|Any CPU
		{3748032C-19D1-4AA5-8710-564CD6EFF6D3}.Release|Any CPU.Build.0 = Release|Any CPU
		{39D01BE3-4E44-4038-9061-C89CA0D1721A}.Debug|Any CPU.ActiveCfg = Debug|Any CPU
		{39D01BE3-4E44-4038-9061-C89CA0D1721A}.Debug|Any CPU.Build.0 = Debug|Any CPU
		{39D01BE3-4E44-4038-9061-C89CA0D1721A}.Release|Any CPU.ActiveCfg = Release|Any CPU
		{39D01BE3-4E44-4038-9061-C89CA0D1721A}.Release|Any CPU.Build.0 = Release|Any CPU
		{3AB51F20-8F87-4F92-A57C-A202360205E1}.Debug|Any CPU.ActiveCfg = Debug|Any CPU
		{3AB51F20-8F87-4F92-A57C-A202360205E1}.Debug|Any CPU.Build.0 = Debug|Any CPU
		{3AB51F20-8F87-4F92-A57C-A202360205E1}.Release|Any CPU.ActiveCfg = Release|Any CPU
		{3AB51F20-8F87-4F92-A57C-A202360205E1}.Release|Any CPU.Build.0 = Release|Any CPU
	EndGlobalSection
	GlobalSection(SolutionProperties) = preSolution
		HideSolutionNode = FALSE
	EndGlobalSection
	GlobalSection(ExtensibilityGlobals) = postSolution
		SolutionGuid = {53457166-65AC-41DC-B419-E4FD3B0B9AC1}
	EndGlobalSection
EndGlobal
